// !$*UTF8*$!
{
	archiveVersion = 1;
	classes = {
	};
	objectVersion = 55;
	objects = {

/* Begin PBXBuildFile section */
		BDD8FDE428A53E670008FC6E /* AppDelegate.swift in Sources */ = {isa = PBXBuildFile; fileRef = BDD8FDE328A53E670008FC6E /* AppDelegate.swift */; };
		BDD8FDE628A53E670008FC6E /* SceneDelegate.swift in Sources */ = {isa = PBXBuildFile; fileRef = BDD8FDE528A53E670008FC6E /* SceneDelegate.swift */; };
		BDD8FDE828A53E670008FC6E /* ViewController.swift in Sources */ = {isa = PBXBuildFile; fileRef = BDD8FDE728A53E670008FC6E /* ViewController.swift */; };
		BDD8FDEB28A53E670008FC6E /* Main.storyboard in Resources */ = {isa = PBXBuildFile; fileRef = BDD8FDE928A53E670008FC6E /* Main.storyboard */; };
		BDD8FDEE28A53E670008FC6E /* Intro_to_Segues.xcdatamodeld in Sources */ = {isa = PBXBuildFile; fileRef = BDD8FDEC28A53E670008FC6E /* Intro_to_Segues.xcdatamodeld */; };
		BDD8FDF028A53E690008FC6E /* Assets.xcassets in Resources */ = {isa = PBXBuildFile; fileRef = BDD8FDEF28A53E690008FC6E /* Assets.xcassets */; };
		BDD8FDF328A53E690008FC6E /* LaunchScreen.storyboard in Resources */ = {isa = PBXBuildFile; fileRef = BDD8FDF128A53E690008FC6E /* LaunchScreen.storyboard */; };
		BDD8FDFB28A5428F0008FC6E /* ViewController2.swift in Sources */ = {isa = PBXBuildFile; fileRef = BDD8FDFA28A5428E0008FC6E /* ViewController2.swift */; };
/* End PBXBuildFile section */

/* Begin PBXFileReference section */
		BDD8FDE028A53E670008FC6E /* Intro-to-Segues.app */ = {isa = PBXFileReference; explicitFileType = wrapper.application; includeInIndex = 0; path = "Intro-to-Segues.app"; sourceTree = BUILT_PRODUCTS_DIR; };
		BDD8FDE328A53E670008FC6E /* AppDelegate.swift */ = {isa = PBXFileReference; lastKnownFileType = sourcecode.swift; path = AppDelegate.swift; sourceTree = "<group>"; };
		BDD8FDE528A53E670008FC6E /* SceneDelegate.swift */ = {isa = PBXFileReference; lastKnownFileType = sourcecode.swift; path = SceneDelegate.swift; sourceTree = "<group>"; };
		BDD8FDE728A53E670008FC6E /* ViewController.swift */ = {isa = PBXFileReference; lastKnownFileType = sourcecode.swift; path = ViewController.swift; sourceTree = "<group>"; };
		BDD8FDEA28A53E670008FC6E /* Base */ = {isa = PBXFileReference; lastKnownFileType = file.storyboard; name = Base; path = Base.lproj/Main.storyboard; sourceTree = "<group>"; };
		BDD8FDED28A53E670008FC6E /* Intro_to_Segues.xcdatamodel */ = {isa = PBXFileReference; lastKnownFileType = wrapper.xcdatamodel; path = Intro_to_Segues.xcdatamodel; sourceTree = "<group>"; };
		BDD8FDEF28A53E690008FC6E /* Assets.xcassets */ = {isa = PBXFileReference; lastKnownFileType = folder.assetcatalog; path = Assets.xcassets; sourceTree = "<group>"; };
		BDD8FDF228A53E690008FC6E /* Base */ = {isa = PBXFileReference; lastKnownFileType = file.storyboard; name = Base; path = Base.lproj/LaunchScreen.storyboard; sourceTree = "<group>"; };
		BDD8FDF428A53E690008FC6E /* Info.plist */ = {isa = PBXFileReference; lastKnownFileType = text.plist.xml; path = Info.plist; sourceTree = "<group>"; };
		BDD8FDFA28A5428E0008FC6E /* ViewController2.swift */ = {isa = PBXFileReference; lastKnownFileType = sourcecode.swift; path = ViewController2.swift; sourceTree = "<group>"; };
/* End PBXFileReference section */

/* Begin PBXFrameworksBuildPhase section */
		BDD8FDDD28A53E670008FC6E /* Frameworks */ = {
			isa = PBXFrameworksBuildPhase;
			buildActionMask = 2147483647;
			files = (
			);
			runOnlyForDeploymentPostprocessing = 0;
		};
/* End PBXFrameworksBuildPhase section */

/* Begin PBXGroup section */
		BDD8FDD728A53E670008FC6E = {
			isa = PBXGroup;
			children = (
				BDD8FDE228A53E670008FC6E /* Intro-to-Segues */,
				BDD8FDE128A53E670008FC6E /* Products */,
			);
			sourceTree = "<group>";
		};
		BDD8FDE128A53E670008FC6E /* Products */ = {
			isa = PBXGroup;
			children = (
				BDD8FDE028A53E670008FC6E /* Intro-to-Segues.app */,
			);
			name = Products;
			sourceTree = "<group>";
		};
		BDD8FDE228A53E670008FC6E /* Intro-to-Segues */ = {
			isa = PBXGroup;
			children = (
				BDD8FDE328A53E670008FC6E /* AppDelegate.swift */,
				BDD8FDE528A53E670008FC6E /* SceneDelegate.swift */,
				BDD8FDE728A53E670008FC6E /* ViewController.swift */,
				BDD8FDE928A53E670008FC6E /* Main.storyboard */,
				BDD8FDEF28A53E690008FC6E /* Assets.xcassets */,
				BDD8FDF128A53E690008FC6E /* LaunchScreen.storyboard */,
				BDD8FDF428A53E690008FC6E /* Info.plist */,
				BDD8FDEC28A53E670008FC6E /* Intro_to_Segues.xcdatamodeld */,
				BDD8FDFA28A5428E0008FC6E /* ViewController2.swift */,
			);
			path = "Intro-to-Segues";
			sourceTree = "<group>";
		};
/* End PBXGroup section */

/* Begin PBXNativeTarget section */
		BDD8FDDF28A53E670008FC6E /* Intro-to-Segues */ = {
			isa = PBXNativeTarget;
			buildConfigurationList = BDD8FDF728A53E690008FC6E /* Build configuration list for PBXNativeTarget "Intro-to-Segues" */;
			buildPhases = (
				BDD8FDDC28A53E670008FC6E /* Sources */,
				BDD8FDDD28A53E670008FC6E /* Frameworks */,
				BDD8FDDE28A53E670008FC6E /* Resources */,
			);
			buildRules = (
			);
			dependencies = (
			);
			name = "Intro-to-Segues";
			productName = "Intro-to-Segues";
			productReference = BDD8FDE028A53E670008FC6E /* Intro-to-Segues.app */;
			productType = "com.apple.product-type.application";
		};
/* End PBXNativeTarget section */

/* Begin PBXProject section */
		BDD8FDD828A53E670008FC6E /* Project object */ = {
			isa = PBXProject;
			attributes = {
				BuildIndependentTargetsInParallel = 1;
				LastSwiftUpdateCheck = 1340;
				LastUpgradeCheck = 1340;
				TargetAttributes = {
					BDD8FDDF28A53E670008FC6E = {
						CreatedOnToolsVersion = 13.4.1;
					};
				};
			};
			buildConfigurationList = BDD8FDDB28A53E670008FC6E /* Build configuration list for PBXProject "Intro-to-Segues" */;
			compatibilityVersion = "Xcode 13.0";
			developmentRegion = en;
			hasScannedForEncodings = 0;
			knownRegions = (
				en,
				Base,
			);
			mainGroup = BDD8FDD728A53E670008FC6E;
			productRefGroup = BDD8FDE128A53E670008FC6E /* Products */;
			projectDirPath = "";
			projectRoot = "";
			targets = (
				BDD8FDDF28A53E670008FC6E /* Intro-to-Segues */,
			);
		};
/* End PBXProject section */

/* Begin PBXResourcesBuildPhase section */
		BDD8FDDE28A53E670008FC6E /* Resources */ = {
			isa = PBXResourcesBuildPhase;
			buildActionMask = 2147483647;
			files = (
				BDD8FDF328A53E690008FC6E /* LaunchScreen.storyboard in Resources */,
				BDD8FDF028A53E690008FC6E /* Assets.xcassets in Resources */,
				BDD8FDEB28A53E670008FC6E /* Main.storyboard in Resources */,
			);
			runOnlyForDeploymentPostprocessing = 0;
		};
/* End PBXResourcesBuildPhase section */

/* Begin PBXSourcesBuildPhase section */
		BDD8FDDC28A53E670008FC6E /* Sources */ = {
			isa = PBXSourcesBuildPhase;
			buildActionMask = 2147483647;
			files = (
				BDD8FDFB28A5428F0008FC6E /* ViewController2.swift in Sources */,
				BDD8FDE828A53E670008FC6E /* ViewController.swift in Sources */,
				BDD8FDEE28A53E670008FC6E /* Intro_to_Segues.xcdatamodeld in Sources */,
				BDD8FDE428A53E670008FC6E /* AppDelegate.swift in Sources */,
				BDD8FDE628A53E670008FC6E /* SceneDelegate.swift in Sources */,
			);
			runOnlyForDeploymentPostprocessing = 0;
		};
/* End PBXSourcesBuildPhase section */

/* Begin PBXVariantGroup section */
		BDD8FDE928A53E670008FC6E /* Main.storyboard */ = {
			isa = PBXVariantGroup;
			children = (
				BDD8FDEA28A53E670008FC6E /* Base */,
			);
			name = Main.storyboard;
			sourceTree = "<group>";
		};
		BDD8FDF128A53E690008FC6E /* LaunchScreen.storyboard */ = {
			isa = PBXVariantGroup;
			children = (
				BDD8FDF228A53E690008FC6E /* Base */,
			);
			name = LaunchScreen.storyboard;
			sourceTree = "<group>";
		};
/* End PBXVariantGroup section */

/* Begin XCBuildConfiguration section */
		BDD8FDF528A53E690008FC6E /* Debug */ = {
			isa = XCBuildConfiguration;
			buildSettings = {
				ALWAYS_SEARCH_USER_PATHS = NO;
				CLANG_ANALYZER_NONNULL = YES;
				CLANG_ANALYZER_NUMBER_OBJECT_CONVERSION = YES_AGGRESSIVE;
				CLANG_CXX_LANGUAGE_STANDARD = "gnu++17";
				CLANG_ENABLE_MODULES = YES;
				CLANG_ENABLE_OBJC_ARC = YES;
				CLANG_ENABLE_OBJC_WEAK = YES;
				CLANG_WARN_BLOCK_CAPTURE_AUTORELEASING = YES;
				CLANG_WARN_BOOL_CONVERSION = YES;
				CLANG_WARN_COMMA = YES;
				CLANG_WARN_CONSTANT_CONVERSION = YES;
				CLANG_WARN_DEPRECATED_OBJC_IMPLEMENTATIONS = YES;
				CLANG_WARN_DIRECT_OBJC_ISA_USAGE = YES_ERROR;
				CLANG_WARN_DOCUMENTATION_COMMENTS = YES;
				CLANG_WARN_EMPTY_BODY = YES;
				CLANG_WARN_ENUM_CONVERSION = YES;
				CLANG_WARN_INFINITE_RECURSION = YES;
				CLANG_WARN_INT_CONVERSION = YES;
				CLANG_WARN_NON_LITERAL_NULL_CONVERSION = YES;
				CLANG_WARN_OBJC_IMPLICIT_RETAIN_SELF = YES;
				CLANG_WARN_OBJC_LITERAL_CONVERSION = YES;
				CLANG_WARN_OBJC_ROOT_CLASS = YES_ERROR;
				CLANG_WARN_QUOTED_INCLUDE_IN_FRAMEWORK_HEADER = YES;
				CLANG_WARN_RANGE_LOOP_ANALYSIS = YES;
				CLANG_WARN_STRICT_PROTOTYPES = YES;
				CLANG_WARN_SUSPICIOUS_MOVE = YES;
				CLANG_WARN_UNGUARDED_AVAILABILITY = YES_AGGRESSIVE;
				CLANG_WARN_UNREACHABLE_CODE = YES;
				CLANG_WARN__DUPLICATE_METHOD_MATCH = YES;
				COPY_PHASE_STRIP = NO;
				DEBUG_INFORMATION_FORMAT = dwarf;
				ENABLE_STRICT_OBJC_MSGSEND = YES;
				ENABLE_TESTABILITY = YES;
				GCC_C_LANGUAGE_STANDARD = gnu11;
				GCC_DYNAMIC_NO_PIC = NO;
				GCC_NO_COMMON_BLOCKS = YES;
				GCC_OPTIMIZATION_LEVEL = 0;
				GCC_PREPROCESSOR_DEFINITIONS = (
					"DEBUG=1",
					"$(inherited)",
				);
				GCC_WARN_64_TO_32_BIT_CONVERSION = YES;
				GCC_WARN_ABOUT_RETURN_TYPE = YES_ERROR;
				GCC_WARN_UNDECLARED_SELECTOR = YES;
				GCC_WARN_UNINITIALIZED_AUTOS = YES_AGGRESSIVE;
				GCC_WARN_UNUSED_FUNCTION = YES;
				GCC_WARN_UNUSED_VARIABLE = YES;
				IPHONEOS_DEPLOYMENT_TARGET = 15.5;
				MTL_ENABLE_DEBUG_INFO = INCLUDE_SOURCE;
				MTL_FAST_MATH = YES;
				ONLY_ACTIVE_ARCH = YES;
				SDKROOT = iphoneos;
				SWIFT_ACTIVE_COMPILATION_CONDITIONS = DEBUG;
				SWIFT_OPTIMIZATION_LEVEL = "-Onone";
			};
			name = Debug;
		};
		BDD8FDF628A53E690008FC6E /* Release */ = {
			isa = XCBuildConfiguration;
			buildSettings = {
				ALWAYS_SEARCH_USER_PATHS = NO;
				CLANG_ANALYZER_NONNULL = YES;
				CLANG_ANALYZER_NUMBER_OBJECT_CONVERSION = YES_AGGRESSIVE;
				CLANG_CXX_LANGUAGE_STANDARD = "gnu++17";
				CLANG_ENABLE_MODULES = YES;
				CLANG_ENABLE_OBJC_ARC = YES;
				CLANG_ENABLE_OBJC_WEAK = YES;
				CLANG_WARN_BLOCK_CAPTURE_AUTORELEASING = YES;
				CLANG_WARN_BOOL_CONVERSION = YES;
				CLANG_WARN_COMMA = YES;
				CLANG_WARN_CONSTANT_CONVERSION = YES;
				CLANG_WARN_DEPRECATED_OBJC_IMPLEMENTATIONS = YES;
				CLANG_WARN_DIRECT_OBJC_ISA_USAGE = YES_ERROR;
				CLANG_WARN_DOCUMENTATION_COMMENTS = YES;
				CLANG_WARN_EMPTY_BODY = YES;
				CLANG_WARN_ENUM_CONVERSION = YES;
				CLANG_WARN_INFINITE_RECURSION = YES;
				CLANG_WARN_INT_CONVERSION = YES;
				CLANG_WARN_NON_LITERAL_NULL_CONVERSION = YES;
				CLANG_WARN_OBJC_IMPLICIT_RETAIN_SELF = YES;
				CLANG_WARN_OBJC_LITERAL_CONVERSION = YES;
				CLANG_WARN_OBJC_ROOT_CLASS = YES_ERROR;
				CLANG_WARN_QUOTED_INCLUDE_IN_FRAMEWORK_HEADER = YES;
				CLANG_WARN_RANGE_LOOP_ANALYSIS = YES;
				CLANG_WARN_STRICT_PROTOTYPES = YES;
				CLANG_WARN_SUSPICIOUS_MOVE = YES;
				CLANG_WARN_UNGUARDED_AVAILABILITY = YES_AGGRESSIVE;
				CLANG_WARN_UNREACHABLE_CODE = YES;
				CLANG_WARN__DUPLICATE_METHOD_MATCH = YES;
				COPY_PHASE_STRIP = NO;
				DEBUG_INFORMATION_FORMAT = "dwarf-with-dsym";
				ENABLE_NS_ASSERTIONS = NO;
				ENABLE_STRICT_OBJC_MSGSEND = YES;
				GCC_C_LANGUAGE_STANDARD = gnu11;
				GCC_NO_COMMON_BLOCKS = YES;
				GCC_WARN_64_TO_32_BIT_CONVERSION = YES;
				GCC_WARN_ABOUT_RETURN_TYPE = YES_ERROR;
				GCC_WARN_UNDECLARED_SELECTOR = YES;
				GCC_WARN_UNINITIALIZED_AUTOS = YES_AGGRESSIVE;
				GCC_WARN_UNUSED_FUNCTION = YES;
				GCC_WARN_UNUSED_VARIABLE = YES;
				IPHONEOS_DEPLOYMENT_TARGET = 15.5;
				MTL_ENABLE_DEBUG_INFO = NO;
				MTL_FAST_MATH = YES;
				SDKROOT = iphoneos;
				SWIFT_COMPILATION_MODE = wholemodule;
				SWIFT_OPTIMIZATION_LEVEL = "-O";
				VALIDATE_PRODUCT = YES;
			};
			name = Release;
		};
		BDD8FDF828A53E690008FC6E /* Debug */ = {
			isa = XCBuildConfiguration;
			buildSettings = {
				ASSETCATALOG_COMPILER_APPICON_NAME = AppIcon;
				ASSETCATALOG_COMPILER_GLOBAL_ACCENT_COLOR_NAME = AccentColor;
				CODE_SIGN_STYLE = Automatic;
				CURRENT_PROJECT_VERSION = 1;
				GENERATE_INFOPLIST_FILE = YES;
				INFOPLIST_FILE = "Intro-to-Segues/Info.plist";
				INFOPLIST_KEY_UIApplicationSupportsIndirectInputEvents = YES;
				INFOPLIST_KEY_UILaunchStoryboardName = LaunchScreen;
				INFOPLIST_KEY_UIMainStoryboardFile = Main;
				INFOPLIST_KEY_UISupportedInterfaceOrientations_iPad = "UIInterfaceOrientationPortrait UIInterfaceOrientationPortraitUpsideDown UIInterfaceOrientationLandscapeLeft UIInterfaceOrientationLandscapeRight";
				INFOPLIST_KEY_UISupportedInterfaceOrientations_iPhone = "UIInterfaceOrientationPortrait UIInterfaceOrientationLandscapeLeft UIInterfaceOrientationLandscapeRight";
				LD_RUNPATH_SEARCH_PATHS = (
					"$(inherited)",
					"@executable_path/Frameworks",
				);
				MARKETING_VERSION = 1.0;
				PRODUCT_BUNDLE_IDENTIFIER = "kwk.Intro-to-Segues";
				PRODUCT_NAME = "$(TARGET_NAME)";
				SWIFT_EMIT_LOC_STRINGS = YES;
				SWIFT_VERSION = 5.0;
				TARGETED_DEVICE_FAMILY = "1,2";
			};
			name = Debug;
		};
		BDD8FDF928A53E690008FC6E /* Release */ = {
			isa = XCBuildConfiguration;
			buildSettings = {
				ASSETCATALOG_COMPILER_APPICON_NAME = AppIcon;
				ASSETCATALOG_COMPILER_GLOBAL_ACCENT_COLOR_NAME = AccentColor;
				CODE_SIGN_STYLE = Automatic;
				CURRENT_PROJECT_VERSION = 1;
				GENERATE_INFOPLIST_FILE = YES;
				INFOPLIST_FILE = "Intro-to-Segues/Info.plist";
				INFOPLIST_KEY_UIApplicationSupportsIndirectInputEvents = YES;
				INFOPLIST_KEY_UILaunchStoryboardName = LaunchScreen;
				INFOPLIST_KEY_UIMainStoryboardFile = Main;
				INFOPLIST_KEY_UISupportedInterfaceOrientations_iPad = "UIInterfaceOrientationPortrait UIInterfaceOrientationPortraitUpsideDown UIInterfaceOrientationLandscapeLeft UIInterfaceOrientationLandscapeRight";
				INFOPLIST_KEY_UISupportedInterfaceOrientations_iPhone = "UIInterfaceOrientationPortrait UIInterfaceOrientationLandscapeLeft UIInterfaceOrientationLandscapeRight";
				LD_RUNPATH_SEARCH_PATHS = (
					"$(inherited)",
					"@executable_path/Frameworks",
				);
				MARKETING_VERSION = 1.0;
				PRODUCT_BUNDLE_IDENTIFIER = "kwk.Intro-to-Segues";
				PRODUCT_NAME = "$(TARGET_NAME)";
				SWIFT_EMIT_LOC_STRINGS = YES;
				SWIFT_VERSION = 5.0;
				TARGETED_DEVICE_FAMILY = "1,2";
			};
			name = Release;
		};
/* End XCBuildConfiguration section */

/* Begin XCConfigurationList section */
		BDD8FDDB28A53E670008FC6E /* Build configuration list for PBXProject "Intro-to-Segues" */ = {
			isa = XCConfigurationList;
			buildConfigurations = (
				BDD8FDF528A53E690008FC6E /* Debug */,
				BDD8FDF628A53E690008FC6E /* Release */,
			);
			defaultConfigurationIsVisible = 0;
			defaultConfigurationName = Release;
		};
		BDD8FDF728A53E690008FC6E /* Build configuration list for PBXNativeTarget "Intro-to-Segues" */ = {
			isa = XCConfigurationList;
			buildConfigurations = (
				BDD8FDF828A53E690008FC6E /* Debug */,
				BDD8FDF928A53E690008FC6E /* Release */,
			);
			defaultConfigurationIsVisible = 0;
			defaultConfigurationName = Release;
		};
/* End XCConfigurationList section */

/* Begin XCVersionGroup section */
		BDD8FDEC28A53E670008FC6E /* Intro_to_Segues.xcdatamodeld */ = {
			isa = XCVersionGroup;
			children = (
				BDD8FDED28A53E670008FC6E /* Intro_to_Segues.xcdatamodel */,
			);
			currentVersion = BDD8FDED28A53E670008FC6E /* Intro_to_Segues.xcdatamodel */;
			path = Intro_to_Segues.xcdatamodeld;
			sourceTree = "<group>";
			versionGroupType = wrapper.xcdatamodel;
		};
/* End XCVersionGroup section */
	};
	rootObject = BDD8FDD828A53E670008FC6E /* Project object */;
}
